# This file was autogenerated by uv via the following command:
#    uv export --frozen --no-dev --no-emit-project --format requirements-txt --output-file requirements.lock
aiohappyeyeballs==2.7.1 \
    --hash=sha256:065665c041c42a5938ed220bdcd7230f22527fbec085e1853d2402c8a3615d9d \
    --hash=sha256:9243213661e29250eb41368e5daa826fc017156c3b8a11440826b2e3ed376472
    # via aiohttp
aiohttp==3.14.1 \
    --hash=sha256:1ac8531b638959718e18c2207fbfe297819875da46a740b29dfa29beba64355a \
    --hash=sha256:1b9748363260121d2927704f5d4fc498150669ca3ae93625986ee89c8f80dcd4 \
    --hash=sha256:1c1421eb01d4fd608d88cc8290211d177a58532b55ad94076fb349c5bf467f0a \
    --hash=sha256:250d14af67f6b6a1a4a811049b1afa69d61d617fca6bf33149b3ab1a6dbcf7b8 \
    --hash=sha256:269b76ac5394092b95bc4a098f4fc6c191c083c3bd12775d1e30e663132f6a09 \
    --hash=sha256:27fd7c91e51729b4f7e1577865fa6d34c9adccbc39aabe9000285b48af9f0ec2 \
    --hash=sha256:2a73f487ab8ef5abbb24b7aa9b73e98eaba9e9e031804ff2416f02eca315ccaf \
    --hash=sha256:2aa92c87868cd13674989f9ee83e5f9f7ea4237589b728048e1f0c8f6caa3271 \
    --hash=sha256:2c840c90759922cb5e6dda94596e079a30fb5a5ba548e7e0dc00574703940847 \
    --hash=sha256:2f73e01dc37122325caf079982621262f96d74823c179038a82fddfc50359264 \
    --hash=sha256:307f2cff90a764d329e77040603fa032db89c5c24fdad50c4c15334cba744035 \
    --hash=sha256:317acd9f8602858dc7d59679812c376c7f0b97bcbbf16e0d6237f54141d8a8a6 \
    --hash=sha256:34b257ec41345c1e8f2df68fa908a7952f5de932723871eb633ecbbff396c9a4 \
    --hash=sha256:3e6fc1a85fa7194a1a7d19f44e8609180f4a8eb5fa4c7ed8b4355f080fad235c \
    --hash=sha256:4dfd6e47d3c44c2279907607f73a4240b88c69eb8b90da7e2441a8045dfd21da \
    --hash=sha256:5663ee9257cfa1add7253a7da3035a02f31b6600ec48261585e1800a81533080 \
    --hash=sha256:5c0b3e614340c889d575451696374c9d17affd54cd607ca0babed8f8c37b9397 \
    --hash=sha256:603a2c834142172ffddc054067f5ec0ca65d57a0aa98a71bc81952573208e345 \
    --hash=sha256:64c567bf9eaf664280116a8688f63016e6b32db2505908e2bdaca1b6438142f2 \
    --hash=sha256:686b6c0d3911ec387b444ddf5dc62fb7f7c0a7d5186a7861626496a5ab4aff95 \
    --hash=sha256:6f71173be42d3241d428f760122febb748de0623f44308a6f120d0dd9ec572e3 \
    --hash=sha256:7fb4bdf95b0561a79f259f9d28fbc109728c5ee7f27aff6391f0ca703a329abe \
    --hash=sha256:86a6dab78b0e43e2897a3bbe15745aa60dc5423ca437b7b0b164c069bf91b876 \
    --hash=sha256:87a5eea1b2a5e21e1ebdbb33ad4165359189327e63fc4e4894693e7f821ac817 \
    --hash=sha256:915fbb7b41b115192259f8c9ae58f3ddc444d2b5579917270211858e606a4afd \
    --hash=sha256:93b032b5ec3255473c143627d21a69ac74ae12f7f33974cb587c564d11b1066f \
    --hash=sha256:97e704dcd26271f5bda3fa07c3ce0fb76d6d3f8659f4baa1a24442cc9ba177ca \
    --hash=sha256:9af6779bfb46abf124068327abcdf9ce95c9ef8287a3e8da76ccf2d0f16c28fa \
    --hash=sha256:b3a03285a7f9c7b016324574a6d92a1c895da6b978cb8f1deee3ac72bc6da178 \
    --hash=sha256:bb2c0c80d431c0d03f2c7dbf125150fedd4f0de17366a7ca33f7ccb822391842 \
    --hash=sha256:bcfb80a2cc36fba2534e5e5b5264dc7ae6fcd9bf15256da3e53d2f499e6fa29d \
    --hash=sha256:bd869c427324e5cb15195793de951295710db28be7d818247f3097b4ab5d4b96 \
    --hash=sha256:c6fa4dc7ad6f8109c70bb1499e589f76b0b792baf39f9b017eb92c8a81d0a199 \
    --hash=sha256:cb21957bb8aca671c1765e32f58164cf0c50e6bf41c0bbbd16da20732ecaf588 \
    --hash=sha256:d35143e27778b4bb0fb189562d7f275bff79c62ab8e98459717c0ea617ff2480 \
    --hash=sha256:de538791a80e5d862addbc183f70f0158ac9b9bb872bb147f1fd2a683691e087 \
    --hash=sha256:e509a55f681e6158c20f70f102f9cf61fb20fbc382272bc6d94b7343f2582780 \
    --hash=sha256:ec8dc383ee57ea3e883477dcca3f11b65d58199f1080acaf4cd6ad9a99698be4 \
    --hash=sha256:f234b4deb12f3ad59127e037bc57c40c21e45b45282df7d3a55a0f409f595296 \
    --hash=sha256:f380468b09d2a81633ee863b0ec5648d364bd17bb8ecfb8c2f387f7ac1faf42c \
    --hash=sha256:f5e6ff2bdbb8f4cd3fbe41f99e25bbcd58e3bf9f13d3dd31a11e7917251cc77a \
    --hash=sha256:faccab372e66bc76d5731525e7f1143c922271725b9d38c9f97edcc66266b451
    # via
    #   discord-py
    #   mad-mcp-discord
aiosignal==1.4.0 \
    --hash=sha256:053243f8b92b990551949e63930a839ff0cf0b0ebbe0597b0f3fb19e1a0fe82e \
    --hash=sha256:f47eecd9468083c2029cc99945502cb7708b082c232f9aca65da147157b251c7
    # via aiohttp
annotated-types==0.7.0 \
    --hash=sha256:1f02e8b43a8fbbc3f3e0d4f0f4bfc8131bcb4eebe8849b8e5c773f3a1c582a53 \
    --hash=sha256:aff07c09a53a08bc8cfccb9c85b05f1aa9a2a6f23728d790723543408344ce89
    # via pydantic
anyio==4.14.2 \
    --hash=sha256:9f505dda5ac9f0c8309b5e8bd445a8c2bf7246f3ce950121e45ea15bc41d1494 \
    --hash=sha256:cfa139f3ed1a23ee8f88a145ddb5ac7605b8bbfd8592baacd7ce3d8bb4313c7f
    # via
    #   httpx
    #   mcp
    #   sse-starlette
    #   starlette
attrs==26.1.0 \
    --hash=sha256:c647aa4a12dfbad9333ca4e71fe62ddc36f4e63b2d260a37a8b83d2f043ac309 \
    --hash=sha256:d03ceb89cb322a8fd706d4fb91940737b6642aa36998fe130a9bc96c985eff32
    # via
    #   aiohttp
    #   jsonschema
    #   referencing
audioop-lts==0.2.2 ; python_full_version >= '3.13' \
    --hash=sha256:03f061a1915538fd96272bac9551841859dbb2e3bf73ebe4a23ef043766f5449 \
    --hash=sha256:106753a83a25ee4d6f473f2be6b0966fc1c9af7e0017192f5531a3e7463dce58 \
    --hash=sha256:143fad0311e8209ece30a8dbddab3b65ab419cbe8c0dde6e8828da25999be911 \
    --hash=sha256:15ab25dd3e620790f40e9ead897f91e79c0d3ce65fe193c8ed6c26cffdd24be7 \
    --hash=sha256:3bcddaaf6cc5935a300a8387c99f7a7fbbe212a11568ec6cf6e4bc458c048636 \
    --hash=sha256:3fc38008969796f0f689f1453722a0f463da1b8a6fbee11987830bfbb664f623 \
    --hash=sha256:47eba38322370347b1c47024defbd36374a211e8dd5b0dcbce7b34fdb6f8847b \
    --hash=sha256:4a53aa7c16a60a6857e6b0b165261436396ef7293f8b5c9c828a3a203147ed4a \
    --hash=sha256:4b4cd51a57b698b2d06cb9993b7ac8dfe89a3b2878e96bc7948e9f19ff51dba6 \
    --hash=sha256:51c916108c56aa6e426ce611946f901badac950ee2ddaf302b7ed35d9958970d \
    --hash=sha256:550c114a8df0aafe9a05442a1162dfc8fec37e9af1d625ae6060fed6e756f303 \
    --hash=sha256:5f93a5db13927a37d2d09637ccca4b2b6b48c19cd9eda7b17a2e9f77edee6a6f \
    --hash=sha256:64d0c62d88e67b98a1a5e71987b7aa7b5bcffc7dcee65b635823dbdd0a8dbbd0 \
    --hash=sha256:73f80bf4cd5d2ca7814da30a120de1f9408ee0619cc75da87d0641273d202a09 \
    --hash=sha256:752d76472d9804ac60f0078c79cdae8b956f293177acd2316cd1e15149aee132 \
    --hash=sha256:83c381767e2cc10e93e40281a04852facc4cd9334550e0f392f72d1c0a9c5753 \
    --hash=sha256:9191d68659eda01e448188f60364c7763a7ca6653ed3f87ebb165822153a8547 \
    --hash=sha256:96f19de485a2925314f5020e85911fb447ff5fbef56e8c7c6927851b95533a1c \
    --hash=sha256:9a13dc409f2564de15dd68be65b462ba0dde01b19663720c68c1140c782d1d75 \
    --hash=sha256:a2c2a947fae7d1062ef08c4e369e0ba2086049a5e598fda41122535557012e9e \
    --hash=sha256:a2d4f1513d63c795e82948e1305f31a6d530626e5f9f2605408b300ae6095093 \
    --hash=sha256:ba7c3a7e5f23e215cb271516197030c32aef2e754252c4c70a50aaff7031a2c8 \
    --hash=sha256:c0022283e9556e0f3643b7c3c03f05063ca72b3063291834cca43234f20c60bb \
    --hash=sha256:c174e322bb5783c099aaf87faeb240c8d210686b04bd61dfd05a8e5a83d88969 \
    --hash=sha256:c9c8e68d8b4a56fda8c025e538e639f8c5953f5073886b596c93ec9b620055e7 \
    --hash=sha256:cfcac6aa6f42397471e4943e0feb2244549db5c5d01efcd02725b96af417f3fe \
    --hash=sha256:d5e73fa573e273e4f2e5ff96f9043858a5e9311e94ffefd88a3186a910c70917 \
    --hash=sha256:def246fe9e180626731b26e89816e79aae2276f825420a07b4a647abaa84becc \
    --hash=sha256:dfbbc74ec68a0fd08cfec1f4b5e8cca3d3cd7de5501b01c4b5d209995033cde9 \
    --hash=sha256:e160bf9df356d841bb6c180eeeea1834085464626dc1b68fa4e1d59070affdc3 \
    --hash=sha256:e541c3ef484852ef36545f66209444c48b28661e864ccadb29daddb6a4b8e5f5 \
    --hash=sha256:fbdd522624141e40948ab3e8cdae6e04c748d78710e9f0f8d4dae2750831de19 \
    --hash=sha256:fd3d4602dc64914d462924a08c1a9816435a2155d74f325853c1f1ac3b2d9800
    # via discord-py
certifi==2026.6.17 \
    --hash=sha256:024c88eeec92ca068db80f02b8b07c9cef7b9fe261d1d535abfd5abd6f6af432 \
    --hash=sha256:2227dcbaafe0d2f59279d1762ddddc37783ed4354594f194ffc31d20f41fc3db
    # via
    #   httpcore
    #   httpx
cffi==2.1.0 ; platform_python_implementation != 'PyPy' \
    --hash=sha256:10537b1df4967ca26d21e5072d7d54188354483b91dc75058968d3f0cf13fbda \
    --hash=sha256:15faec4adfff450819f3aee0e2e02c812de6edb88203aa58807955db2003472a \
    --hash=sha256:1e9f50d192a3e525b15a75ab5114e442d83d657b7ec29182a991bc9a88fd3a66 \
    --hash=sha256:2282cd5e38aa8accd03e99d1256af8411c84cdbee6a89d841b563fdbd1f3e50f \
    --hash=sha256:379de10ce1ba048b1448599d1b37b24caee16309d1ac98d3982fc997f768700b \
    --hash=sha256:3b926723c13eba9f81d2ef3820d63aeceec3b2d4639906047bf675cb8a7a500d \
    --hash=sha256:46b1c8db8f6122420f32d02fffb924c2fe9bc772d228c7c711748fff56aabb2b \
    --hash=sha256:47ff3a8bfd8cb9da1af7524b965127095055654c177fcfc7578debcb015eecd0 \
    --hash=sha256:5972433ad71a9e46516584ef60a0fda12d9dc459938d1539c3ddecf9bdc1368d \
    --hash=sha256:63960549e4f8dc41e31accb97b975abaecfc44c03e396c093a6436763c2ea7db \
    --hash=sha256:6d194185eabd279f1c05ebe3504265ddfc5ad2b58d0714f7db9f01da592e9eb6 \
    --hash=sha256:716ff8ec22f20b4d988b12884086bcef0fc99737043e503f7a3935a6be99b1ea \
    --hash=sha256:78474632761faa0fb96f30b1c928c84ebcf68713cbb80d15bab09dfe61640fde \
    --hash=sha256:799416bae98336e400981ff6e532d67d5c709cfb30afb79865a1315f94b0e224 \
    --hash=sha256:8e74a6135550c4748af665b1b1118b6aab33b1fc6a16f9aff630af107c3b4512 \
    --hash=sha256:961be50688f7fba2fa65f63712d3b9b341a22311f5253460ce933f52f0de1c8c \
    --hash=sha256:98fff996e983a36d3aa2eca83af40c5821202e7e6f32d13ae94e3d2286f10cfe \
    --hash=sha256:9b8f0f26ca4e7513c534d351eca551947d053fac438f2a04ac96d882909b0d3a \
    --hash=sha256:a95b05f9baf29b91171b3a8bd2020b028835243e7b0ff6bb23e2a3c228518b1b \
    --hash=sha256:b6422532152adf4e59b110cb2808cee7a033800952f5c036b4af047ee43199e7 \
    --hash=sha256:bf5c6cf48238b0eb4c086978c492ad1cbc22373fc5b2d7353b3a598ce6db887a \
    --hash=sha256:c97f080ea627e2863524c5af3836e2270b5f5dfff1f104392b959f8df0c5d384 \
    --hash=sha256:d9fafc5aa2e2a39aaf7f8cc0c1f044a9b07fca12e558dca53a3cc5c654ad67a7 \
    --hash=sha256:db3eb7d46527159a878ec3460e9d40615bc25ba337d477db681aea6e4f05c5d2 \
    --hash=sha256:df2b82571a1b30f58a87bf4e5a9e78d2b1eff6c6ce8fd3aa3757221f93f0863f \
    --hash=sha256:efc1cdd798b1aaf39b4610bba7aad28c9bea9b910f25c784ccf9ec1fa719d1f9 \
    --hash=sha256:ff067a8d8d880e7809e4ac88eb009bb848870115317b306666502ccad30b147f
    # via cryptography
click==8.4.2 \
    --hash=sha256:9a6cea6e60b17ebe0a44c5cc636d94f09bd66142c1cd7d8b4cd731c4917a15f6 \
    --hash=sha256:e6f9f66136c816745b9d65817da91d61d957fb16e02e4dcd0552553c5a197b76
    # via uvicorn
colorama==0.4.6 ; sys_platform == 'win32' \
    --hash=sha256:08695f5cb7ed6e0531a20572697297273c47b8cae5a63ffc6d6ed5c201be6e44 \
    --hash=sha256:4f1d9991f5acc0ca119f9d443620b77f9d6b33703e51011c16baf57afb285fc6
    # via click
cryptography==49.0.0 \
    --hash=sha256:026ac7423e6fa66872d3bf889be5974507da3944f866f704fa200eadacd00001 \
    --hash=sha256:0b82e28ee398a386f0807bba7884d30f25218855690f45115831bcce5d90822c \
    --hash=sha256:0e959b578856a3924bc0cbb710fc12c387b9412a951389f3ca61704a9e25f325 \
    --hash=sha256:0f21641cf4b30fca7aee061ced0ec7ad7b073518088b7c9969a297c0ae796c69 \
    --hash=sha256:2400ef9c9e2299a25614eb1dea3db54a69b1349efd043bfac9c67630d136df36 \
    --hash=sha256:28d8b15e6275f12c8a207dc309dfa957903c927d08d0cc937ee3f63f200693cc \
    --hash=sha256:2afe9051da7ae7bd5905da5a949280c7d2bb75682e188f650a9d0f2756b834c6 \
    --hash=sha256:2eda353d8a27bcbcaa4cbed18994a74ab4d19a2ca897db188ea269ab9b71419b \
    --hash=sha256:35b151772baff2c74cba7fa290ceaff4c3b11c0c881eb93eb5dbc05a7cfbba18 \
    --hash=sha256:36d1709f992593689b45bda411498d62c6e365f2ca00b84657d4dadd24de16db \
    --hash=sha256:42b0684e0e40cf26122427802486f6d93aea593612603a94fbf260c7eb1e9c1b \
    --hash=sha256:53ecee2e23f7169b6117e99fc8a944e5e50f79e69758a83b52a00cb98ab2b2d2 \
    --hash=sha256:66ec79c3904820572d7e987abdf304281f141d37ad9a489b8e97066e7b9b6459 \
    --hash=sha256:67e1d20ad9ef3a563c59ef22e7a8a0b8210bd26604369ea4a30a7c66aefe504e \
    --hash=sha256:6f2debedf9ca60cf1d5bd466475638af5130f89965605cd818484d19987d3a21 \
    --hash=sha256:6fc361c34fb6aac015ce19435876635e5c6d21db31998b0920f675f131e043b8 \
    --hash=sha256:8c25ceb16df5b9435f3f6a9829204985b0e0cbee3b48aacd432c7d2c850b44d9 \
    --hash=sha256:966fe0e9c67490071f14c0d2b1cb2dfb3023c5ce39457343931415f08382f2db \
    --hash=sha256:9e82dcc8e56052715fb18b2429e3bca4823b1629136a2084fc45a9a5cecb9b64 \
    --hash=sha256:b87e65d263b3e5d3bb92a57e2a6638e2f31110fa7aa890c7b2dbba42248d0a3f \
    --hash=sha256:cbc77da8c523d5abd028635ba850a6966fcee2c82e2bf65a41d1d8afe0f98be9 \
    --hash=sha256:ccac2bfebc306b862133e3bb71f3f6ee8bb525240089b2d952e4144b3a6d5da7 \
    --hash=sha256:d0527ce944105f257f605a827d6ebead966c752038b6e8656abb9c5edee6fc68 \
    --hash=sha256:e5dfc1e64de5677cec922ffa8da89c546d0415bf6efdf081842e5d44c84e1f0e \
    --hash=sha256:ec5e529fb80935c94fe7b729f9972b50e351a0e6b50aa294fd5cabb109fcc29a \
    --hash=sha256:f78ff2c9ed8dc2d036b0f4d640e22522213d047c1b14e61205a7e55c80a494d4 \
    --hash=sha256:f89660a348f4f78a92366240a61404e337586ef7f5909a2fef59ca88ef505493
    # via pyjwt
discord-py==2.7.1 \
    --hash=sha256:24d5e6a45535152e4b98148a9dd6b550d25dc2c9fb41b6d670319411641249da \
    --hash=sha256:849dca2c63b171146f3a7f3f8acc04248098e9e6203412ce3cf2745f284f7439
    # via mad-mcp-discord
frozenlist==1.8.0 \
    --hash=sha256:032efa2674356903cd0261c4317a561a6850f3ac864a63fc1583147fb05a79b0 \
    --hash=sha256:03ae967b4e297f58f8c774c7eabcce57fe3c2434817d4385c50661845a058121 \
    --hash=sha256:07cdca25a91a4386d2e76ad992916a85038a9b97561bf7a3fd12d5d9ce31870c \
    --hash=sha256:0c18a16eab41e82c295618a77502e17b195883241c563b00f0aa5106fc4eaa0d \
    --hash=sha256:0f96534f8bfebc1a394209427d0f8a63d343c9779cda6fc25e8e121b5fd8555b \
    --hash=sha256:21900c48ae04d13d416f0e1e0c4d81f7931f73a9dfa0b7a8746fb2fe7dd970ed \
    --hash=sha256:229bf37d2e4acdaf808fd3f06e854a4a7a3661e871b10dc1f8f1896a3b05f18b \
    --hash=sha256:294e487f9ec720bd8ffcebc99d575f7eff3568a08a253d1ee1a0378754b74143 \
    --hash=sha256:29548f9b5b5e3460ce7378144c3010363d8035cea44bc0bf02d57f5a685e084e \
    --hash=sha256:34187385b08f866104f0c0617404c8eb08165ab1272e884abc89c112e9c00746 \
    --hash=sha256:3462dd9475af2025c31cc61be6652dfa25cbfb56cbbf52f4ccfe029f38decaf8 \
    --hash=sha256:3ede829ed8d842f6cd48fc7081d7a41001a56f1f38603f9d49bf3020d59a31ad \
    --hash=sha256:3ef2d026f16a2b1866e1d86fc4e1291e1ed8a387b2c333809419a2f8b3a77b82 \
    --hash=sha256:405e8fe955c2280ce66428b3ca55e12b3c4e9c336fb2103a4937e891c69a4a29 \
    --hash=sha256:433403ae80709741ce34038da08511d4a77062aa924baf411ef73d1146e74faf \
    --hash=sha256:44389d135b3ff43ba8cc89ff7f51f5a0bb6b63d829c8300f79a2fe4fe61bcc62 \
    --hash=sha256:494a5952b1c597ba44e0e78113a7266e656b9794eec897b19ead706bd7074383 \
    --hash=sha256:4e0c11f2cc6717e0a741f84a527c52616140741cd812a50422f83dc31749fb52 \
    --hash=sha256:50066c3997d0091c411a66e710f4e11752251e6d2d73d70d8d5d4c76442a199d \
    --hash=sha256:517279f58009d0b1f2e7c1b130b377a349405da3f7621ed6bfae50b10adf20c1 \
    --hash=sha256:5500ef82073f599ac84d888e3a8c1f77ac831183244bfd7f11eaa0289fb30714 \
    --hash=sha256:581ef5194c48035a7de2aefc72ac6539823bb71508189e5de01d60c9dcd5fa65 \
    --hash=sha256:5c1c8e78426e59b3f8005e9b19f6ff46e5845895adbde20ece9218319eca6506 \
    --hash=sha256:5d63a068f978fc69421fb0e6eb91a9603187527c86b7cd3f534a5b77a592b888 \
    --hash=sha256:6da155091429aeba16851ecb10a9104a108bcd32f6c1642867eadaee401c1c41 \
    --hash=sha256:74c51543498289c0c43656701be6b077f4b265868fa7f8a8859c197006efb608 \
    --hash=sha256:776f352e8329135506a1d6bf16ac3f87bc25b28e765949282dcc627af36123aa \
    --hash=sha256:78f7b9e5d6f2fdb88cdde9440dc147259b62b9d3b019924def9f6478be254ac1 \
    --hash=sha256:878be833caa6a3821caf85eb39c5ba92d28e85df26d57afb06b35b2efd937231 \
    --hash=sha256:8b7b94a067d1c504ee0b16def57ad5738701e4ba10cec90529f13fa03c833496 \
    --hash=sha256:8d92f1a84bb12d9e56f818b3a746f3efba93c1b63c8387a73dde655e1e42282a \
    --hash=sha256:908bd3f6439f2fef9e85031b59fd4f1297af54415fb60e4254a95f75b3cab3f3 \
    --hash=sha256:96153e77a591c8adc2ee805756c61f59fef4cf4073a9275ee86fe8cba41241f7 \
    --hash=sha256:96f423a119f4777a4a056b66ce11527366a8bb92f54e541ade21f2374433f6d4 \
    --hash=sha256:b3210649ee28062ea6099cfda39e147fa1bc039583c8ee4481cb7811e2448c51 \
    --hash=sha256:b4dec9482a65c54a5044486847b8a66bf10c9cb4926d42927ec4e8fd5db7fed8 \
    --hash=sha256:bf0a7e10b077bf5fb9380ad3ae8ce20ef919a6ad93b4552896419ac7e1d8e042 \
    --hash=sha256:c4c800524c9cd9bac5166cd6f55285957fcfc907db323e193f2afcd4d9abd69b \
    --hash=sha256:cf253e0e1c3ceb4aaff6df637ce033ff6535fb8c70a764a8f46aafd3d6ab798e \
    --hash=sha256:d6a5df73acd3399d893dafc71663ad22534b5aa4f94e8a2fabfe856c3c1b6a52 \
    --hash=sha256:db1e72ede2d0d7ccb213f218df6a078a9c09a7de257c2fe8fcef16d5925230b1 \
    --hash=sha256:e25ac20a2ef37e91c1b39938b591457666a0fa835c7783c3a8f33ea42870db94 \
    --hash=sha256:eaa352d7047a31d87dafcacbabe89df0aa506abb5b1b85a2fb91bc3faa02d822 \
    --hash=sha256:ec3cc8c5d4084591b4237c0a272cc4f50a5b03396a47d9caaf76f5d7b38a4f11 \
    --hash=sha256:eefdba20de0d938cec6a89bd4d70f346a03108a19b9df4248d3cf0d88f1b0f51 \
    --hash=sha256:f21f00a91358803399890ab167098c131ec2ddd5f8f5fd5fe9c9f2c6fcd91e40 \
    --hash=sha256:f6292f1de555ffcc675941d65fffffb0a5bcd992905015f85d0592201793e0e5 \
    --hash=sha256:f833670942247a14eafbb675458b4e61c82e002a148f49e68257b79296e865c4 \
    --hash=sha256:fb30f9626572a76dfe4293c7194a09fb1fe93ba94c7d4f720dfae3b646b45027 \
    --hash=sha256:fe3c58d2f5db5fbd18c2987cba06d51b0529f52bc3a6cdc33d3f4eab725104bd
    # via
    #   aiohttp
    #   aiosignal
h11==0.16.0 \
    --hash=sha256:4e35b956cf45792e4caa5885e69fba00bdbc6ffafbfa020300e549b208ee5ff1 \
    --hash=sha256:63cf8bbe7522de3bf65932fda1d9c2772064ffb3dae62d55932da54b31cb6c86
    # via
    #   httpcore
    #   uvicorn
httpcore==1.0.9 \
    --hash=sha256:2d400746a40668fc9dec9810239072b40b4484b640a8c38fd654a024c7a1bf55 \
    --hash=sha256:6e34463af53fd2ab5d807f399a9b45ea31c3dfa2276f15a2c3f00afff6e176e8
    # via httpx
httpx==0.28.1 \
    --hash=sha256:75e98c5f16b0f35b567856f597f06ff2270a374470a5c2392242528e3e3e42fc \
    --hash=sha256:d909fcccc110f8c7faf814ca82a9a4d816bc5a6dbfea25d6591d6985b8ba59ad
    # via mcp
httpx-sse==0.4.3 \
    --hash=sha256:0ac1c9fe3c0afad2e0ebb25a934a59f4c7823b60792691f779fad2c5568830fc \
    --hash=sha256:9b1ed0127459a66014aec3c56bebd93da3c1bc8bb6618c8082039a44889a755d
    # via mcp
idna==3.18 \
    --hash=sha256:7f952cbe720b688055e3f87de14f5c3e5fdaa8bc3928985c4077ca689de849a2 \
    --hash=sha256:ffb385a7e039654cef1ab9ef32c6fafe283c0c0467bba1d9029738ce4a14a848
    # via
    #   anyio
    #   httpx
    #   yarl
jsonschema==4.26.0 \
    --hash=sha256:0c26707e2efad8aa1bfc5b7ce170f3fccc2e4918ff85989ba9ffa9facb2be326 \
    --hash=sha256:d489f15263b8d200f8387e64b4c3a75f06629559fb73deb8fdfb525f2dab50ce
    # via mcp
jsonschema-specifications==2025.9.1 \
    --hash=sha256:98802fee3a11ee76ecaca44429fda8a41bff98b00a0f2838151b113f210cc6fe \
    --hash=sha256:b540987f239e745613c7a9176f3edb72b832a4ac465cf02712288397832b5e8d
    # via jsonschema
mcp==1.28.1 \
    --hash=sha256:2726bca5e7193f61c5dde8b12500a6de2d9acf6d1a1c0be9e8c2e706437991df \
    --hash=sha256:d51e36a5f5644faea4f85ea649bfffa6bc6c26770d42798ad6a3de3d2ba69683
    # via mad-mcp-discord
multidict==6.7.1 \
    --hash=sha256:03ede2a6ffbe8ef936b92cb4529f27f42be7f56afcdab5ab739cd5f27fb1cbf9 \
    --hash=sha256:0b4c48648d7649c9335cf1927a8b87fa692de3dcb15faa676c6a6f1f1aabda43 \
    --hash=sha256:12fad252f8b267cc75b66e8fc51b3079604e8d43a75428ffe193cd9e2195dfd6 \
    --hash=sha256:1b99af4d9eec0b49927b4402bcbb58dea89d3e0db8806a4086117019939ad3dd \
    --hash=sha256:1d540e51b7e8e170174555edecddbd5538105443754539193e3e1061864d444d \
    --hash=sha256:21f830fe223215dffd51f538e78c172ed7c7f60c9b96a2bf05c4848ad49921c3 \
    --hash=sha256:253282d70d67885a15c8a7716f3a73edf2d635793ceda8173b9ecc21f2fb8292 \
    --hash=sha256:273d23f4b40f3dce4d6c8a821c741a86dec62cded82e1175ba3d99be128147ed \
    --hash=sha256:28ca5ce2fd9716631133d0e9a9b9a745ad7f60bac2bccafb56aa380fc0b6c511 \
    --hash=sha256:2b41f5fed0ed563624f1c17630cb9941cf2309d4df00e494b551b5f3e3d67a23 \
    --hash=sha256:3758692429e4e32f1ba0df23219cd0b4fc0a52f476726fff9337d1a57676a582 \
    --hash=sha256:398c1478926eca669f2fd6a5856b6de9c0acf23a2cb59a14c0ba5844fa38077e \
    --hash=sha256:3bd231490fa7217cc832528e1cd8752a96f0125ddd2b5749390f7c3ec8721b65 \
    --hash=sha256:3d51ff4785d58d3f6c91bdbffcb5e1f7ddfda557727043aa20d20ec4f65e324a \
    --hash=sha256:3fccb473e87eaa1382689053e4a4618e7ba7b9b9b8d6adf2027ee474597128cd \
    --hash=sha256:401c5a650f3add2472d1d288c26deebc540f99e2fb83e9525007a74cd2116f1d \
    --hash=sha256:41f2952231456154ee479651491e94118229844dd7226541788be783be2b5108 \
    --hash=sha256:432feb25a1cb67fe82a9680b4d65fb542e4635cb3166cd9c01560651ad60f177 \
    --hash=sha256:4cfb48c6ea66c83bcaaf7e4dfa7ec1b6bbcf751b7db85a328902796dfde4c060 \
    --hash=sha256:55d97cc6dae627efa6a6e548885712d4864b81110ac76fa4e534c03819fa4a56 \
    --hash=sha256:563fe25c678aaba333d5399408f5ec3c383ca5b663e7f774dd179a520b8144df \
    --hash=sha256:57b46b24b5d5ebcc978da4ec23a819a9402b4228b8a90d9c656422b4bdd8a963 \
    --hash=sha256:5a37ca18e360377cfda1d62f5f382ff41f2b8c4ccb329ed974cc2e1643440118 \
    --hash=sha256:5c4b9bfc148f5a91be9244d6264c53035c8a0dcd2f51f1c3c6e30e30ebaa1c84 \
    --hash=sha256:6aac4f16b472d5b7dc6f66a0d49dd57b0e0902090be16594dc9ebfd3d17c47e7 \
    --hash=sha256:84e61e3af5463c19b67ced91f6c634effb89ef8bfc5ca0267f954451ed4bb6a2 \
    --hash=sha256:90efbcf47dbe33dcf643a1e400d67d59abeac5db07dc3f27d6bdeae497a2198c \
    --hash=sha256:935434b9853c7c112eee7ac891bc4cb86455aa631269ae35442cb316790c1445 \
    --hash=sha256:960c83bf01a95b12b08fd54324a4eb1d5b52c88932b5cba5d6e712bb3ed12eb5 \
    --hash=sha256:97891f3b1b3ffbded884e2916cacf3c6fc87b66bb0dde46f7357404750559f33 \
    --hash=sha256:98bc624954ec4d2c7cb074b8eefc2b5d0ce7d482e410df446414355d158fe4ca \
    --hash=sha256:9c90fed18bffc0189ba814749fdcc102b536e83a9f738a9003e569acd540a733 \
    --hash=sha256:9d624335fd4fa1c08a53f8b4be7676ebde19cd092b3895c421045ca87895b429 \
    --hash=sha256:a088b62bd733e2ad12c50dad01b7d0166c30287c166e137433d3b410add807a6 \
    --hash=sha256:a90f75c956e32891a4eda3639ce6dd86e87105271f43d43442a3aedf3cddf172 \
    --hash=sha256:af959b9beeb66c822380f222f0e0a1889331597e81f1ded7f374f3ecb0fd6c52 \
    --hash=sha256:b0fa96985700739c4c7853a43c0b3e169360d6855780021bfc6d0f1ce7c123e7 \
    --hash=sha256:ba0a9fb644d0c1a2194cf7ffb043bd852cea63a57f66fbd33959f7dae18517bf \
    --hash=sha256:bfde23ef6ed9db7eaee6c37dcec08524cb43903c60b285b172b6c094711b3961 \
    --hash=sha256:c102791b1c4f3ab36ce4101154549105a53dc828f016356b3e3bcae2e3a039d3 \
    --hash=sha256:c3a32d23520ee37bf327d1e1a656fec76a2edd5c038bf43eddfa0572ec49c60b \
    --hash=sha256:c76c4bec1538375dad9d452d246ca5368ad6e1c9039dadcf007ae59c70619ea1 \
    --hash=sha256:c9035dde0f916702850ef66460bc4239d89d08df4d02023a5926e7446724212c \
    --hash=sha256:cb2a55f408c3043e42b40cc8eecd575afa27b7e0b956dfb190de0f8499a57a53 \
    --hash=sha256:d54ecf9f301853f2c5e802da559604b3e95bb7a3b01a9c295c6ee591b9882de8 \
    --hash=sha256:da62917e6076f512daccfbbde27f46fed1c98fee202f0559adec8ee0de67f71a \
    --hash=sha256:df9f19c28adcb40b6aae30bbaa1478c389efd50c28d541d76760199fc1037c32 \
    --hash=sha256:e1c5988359516095535c4301af38d8a8838534158f649c05dd1050222321bcb3 \
    --hash=sha256:e82d14e3c948952a1a85503817e038cba5905a3352de76b9a465075d072fba23 \
    --hash=sha256:e954b24433c768ce78ab7929e84ccf3422e46deb45a4dc9f93438f8217fa2d34 \
    --hash=sha256:eb0ce7b2a32d09892b3dd6cc44877a0d02a33241fafca5f25c8b6b62374f8b75 \
    --hash=sha256:eb304767bca2bb92fb9c5bd33cedc95baee5bb5f6c88e63706533a1c06ad08c8 \
    --hash=sha256:ec6652a1bee61c53a3e5776b6049172c53b6aaba34f18c9ad04f82712bac623d \
    --hash=sha256:f5dd81c45b05518b9aa4da4aa74e1c93d715efa234fd3e8a179df611cc85e5f4 \
    --hash=sha256:fc5907494fccf3e7d3f94f95c91d6336b092b5fc83811720fae5e2765890dfba \
    --hash=sha256:fcee94dfbd638784645b066074b338bc9cc155d4b4bffa4adce1615c5a426c19
    # via
    #   aiohttp
    #   yarl
propcache==0.5.2 \
    --hash=sha256:01c4fc7480cd0598bb4b57022df55b9ca296da7fc5a8760bd8451a7e63a7d427 \
    --hash=sha256:06187263ddad280d05b4d8a8b3bb7d164cbebd469236544a42e6d9b28ac6a4fa \
    --hash=sha256:0958834041a0166d343b8d2cedcd8bcbaeb4fdbe0cf08320c5379f143c3be6e7 \
    --hash=sha256:099aaf4b4d1a02265b92a977edf00b5c4f63b3b17ac6de39b0d637c9cac0188a \
    --hash=sha256:10734b5484ea113152ee25a91dccedf81631791805d2c9ccb054958e51842c94 \
    --hash=sha256:178b4a2cdaac1818e2bf1c5a99b94383fa73ea5382e032a48dec07dc5668dc42 \
    --hash=sha256:1d1ad32d9d4355e2be65574fd0bfd3677e7066b009cd5b9b2dee8aa6a6393b33 \
    --hash=sha256:1dbcf7675229b35d31abb6547d8ebc8c27a830ac3f9a794edff6254873ec7c0a \
    --hash=sha256:2800a4a8ead6b28cccd1ec54b59346f0def7922ee1c7598e8499c733cfbb7c84 \
    --hash=sha256:2f22cbbac9e26a8e864c0985ff1268d5d939d53d9d9411a9824279097e03a2cb \
    --hash=sha256:3115559b8effafd63b142ea5ed53d63a16ea6469cbc63dce4ee194b42db5d853 \
    --hash=sha256:3430bb2bfe1331885c427745a751e774ee679fd4344f80b97bf879815fe8fa55 \
    --hash=sha256:40314bca9ac559716fe374094fc81c11dcc34b64fd6c585360f5775690505704 \
    --hash=sha256:452b5065457eb9991ec5eb38ff41d6cd4c991c9ac7c531c4d5849ae473a9a13f \
    --hash=sha256:45f11346f884bc47444f6e6647131055844134c3175b629f84952e2b5cd62b64 \
    --hash=sha256:4db0ba63d693afd40d249bd93f842b5f144f8fcbb83de05660373bcf30517b1d \
    --hash=sha256:5671d09a36b06d0fd4a3da0fccbcae360e9b1570924171a15e9e0997f0249fba \
    --hash=sha256:5dbc581d2814337da56222fab8dc5f161cd798a434e49bac27930aaef798e144 \
    --hash=sha256:6041d31504dc1779d700e1edcfb08eea334b357620b06681a4eabb57a74e574e \
    --hash=sha256:68ce1c44c7a813a7f71ea04315a8c7b330b63db99d059a797a4651bb6f69f117 \
    --hash=sha256:6a997d0489e9668a384fcfd5061b857aa5361de73191cac204d04b889cfbbafa \
    --hash=sha256:6de8bd93ddde9b992cf2b2e0d796d501a19026b5b9fd87356d7d0779531a8d96 \
    --hash=sha256:6f328175a2cde1f0ff2c4ed8ce968b9dcfb55f3a7153f39e2957ed994da13476 \
    --hash=sha256:72d61e16dd78228b58c5d47be830ff3da7e5f139abdf0aef9d86cde1c5cf2191 \
    --hash=sha256:80168e2ebe4d3ec6599d10ad8f520304ae1cad9b6c5a95372aef1b66b7bfb53a \
    --hash=sha256:806719138ecd720339a12410fb9614ac9b2b2d3a5fdf8235d56981c36f4039ba \
    --hash=sha256:857187f381f88c8e2fa2fe56ab94879d011b883d5a2ee5a1b60a8cd2a06846d9 \
    --hash=sha256:8c7972d8f193740d9175f0998ab38717e6cd322d5935c5b0fef8c0d323fd9031 \
    --hash=sha256:8e778ebd44ef4f66ed60a0416b06b489687db264a9c0b3620362f26489492913 \
    --hash=sha256:a592f5f3da71c8691c788c13cb6734b6d17663d2e1cb8caddf0673d01ef8847d \
    --hash=sha256:a6ae2198be502c10f09b2516e7b5d019816924bc3183a43ce792a7bd6625e6f4 \
    --hash=sha256:a6ddc6ac9e25de626c1f129c1b467d7ecd33ce2237d3fd0c4e429feef0a7ee1f \
    --hash=sha256:acd2c8edba48e31e58a363b8cf4e5c7db3b04b3f9e371f601df30d9b0d244836 \
    --hash=sha256:ba338430e87ceb9c8f0cf754de38a9860560261e56c00376debd628698a7364f \
    --hash=sha256:be1ddfcbb376e3de5d2e2db1d58d6d67463e6b4f9f040c000de8e300295465fe \
    --hash=sha256:c0cb9ed24c8964e172768d455a38254c2dd8a552905729ce006cad3d3dda59b1 \
    --hash=sha256:c60462af8e6dc30c35407c7237ea908d777b22862bbee27bc4699c0d8bcdc45a \
    --hash=sha256:c80f4ba3e8f00189165999a742ee526ebeccedf6c3f7beb0c7df821e9772435a \
    --hash=sha256:cafca7e56c12bb02ae16d283742bef25a61122e9dab2b5b3f2ccbe589ce32164 \
    --hash=sha256:cef6cea3922890dd6c9654971001fa797b526c16ab5e1e46c05fd6f877be7568 \
    --hash=sha256:cfa21e036ce1e1db2be04ba3b85d2df1bb1702fa01932d984c5464c665228ff4 \
    --hash=sha256:d310c013aad2c72f1c3f2f8dd3279d460a858c551f97aeb8c63e4693cca7b4d2 \
    --hash=sha256:d9ee8826a7d47863a08ac44e1a5f611a462eefc3a194b492da242128bec75b42 \
    --hash=sha256:db2b80ea58eab4f86b2beec3cc8b39e8ff9276ac20e96b7cce43c8ae84cd6b5a \
    --hash=sha256:dfed59d0a5aeb01e242e66ff0300bc4a265a7c05f612d30016f0b60b1017d757 \
    --hash=sha256:e5cbfac9f61484f7e9f3597775500cd3ebe8274e9b050c38f9525c77c97520bf \
    --hash=sha256:f064f8d2b59177878b7615df1735cd8fe3462ed6be8c7b217d17a276489c2b7f \
    --hash=sha256:f156a3529f38063b6dbaf356e15602a7f95f8055b1295a438433a6386f10463d \
    --hash=sha256:f7467da8a9822bf1a55336f877340c5bcbd3c482afc43a99771169f74a26dedc \
    --hash=sha256:f78abfa8dfc32376fd1aacf597b2f2fbbe0ea751419aee718af5d4f82537ef8c \
    --hash=sha256:f7eabc04151c78a9f4d5bbb5f1faf571e4defeb4b585e0fe95b60ff2dbe4d3d7 \
    --hash=sha256:fc299c129490f55f254cd90be0deca4764e36e9a7c08b4aa588479a3bbed3098 \
    --hash=sha256:fc76378c62a0f04d0cd82fbb1a2cd2d7e28fcb40d5873f28a6c44e388aaa2751
    # via
    #   aiohttp
    #   yarl
pycparser==3.0 ; implementation_name != 'PyPy' and platform_python_implementation != 'PyPy' \
    --hash=sha256:600f49d217304a5902ac3c37e1281c9fe94e4d0489de643a9504c5cdfdfc6b29 \
    --hash=sha256:b727414169a36b7d524c1c3e31839a521725078d7b2ff038656844266160a992
    # via cffi
pydantic==2.13.4 \
    --hash=sha256:45a282cde31d808236fd7ea9d919b128653c8b38b393d1c4ab335c62924d9aba \
    --hash=sha256:c40756b57adaa8b1efeeced5c196f3f3b7c435f90e84ea7f443901bec8099ef6
    # via
    #   mcp
    #   pydantic-settings
pydantic-core==2.46.4 \
    --hash=sha256:00c603d540afdd6b80eb39f078f33ebd46211f02f33e34a32d9f053bba711de0 \
    --hash=sha256:0186750b482eefa11d7f435892b09c5c606193ef3375bcf94aa00ae6bfb66262 \
    --hash=sha256:184c081504d17f1c1066e430e117142b2c77d9448a97f7b65c6ac9fd9aee238d \
    --hash=sha256:1d8ba486450b14f3b1d63bc521d410ec7565e52f887b9fb671791886436a42f7 \
    --hash=sha256:2412e734dcb48da14d4e4006b82b46b74f2518b8a26ee7e58c6844a6cd6d03c4 \
    --hash=sha256:3009f12e4e90b7f88b4f9adb1b0c4a3d58fe7820f3238c190047209d148026df \
    --hash=sha256:3245406455a5d98187ec35530fd772b1d799b26667980872c8d4614991e2c4a2 \
    --hash=sha256:3a233125ac121aa3ffba9a2b59edfc4a985a76092dc8279586ab4b71390875e7 \
    --hash=sha256:4fc73cb559bdb54b1134a706a2802a4cddd27a0633f5abb7e53056268751ac6a \
    --hash=sha256:56cb4851bcaf3d117eddcef4fe66afd750a50274b0da8e22be256d10e5611987 \
    --hash=sha256:5855698a4856556d86e8e6cd8434bc3ac0314ee8e12089ae0e143f64c6256e4e \
    --hash=sha256:5b712b53160b79a5850310b912a5ef8e57e56947c8ad690c227f5c9d7e561712 \
    --hash=sha256:5d5902252db0d3cedf8d4a1bc68f70eeb430f7e4c7104c8c476753519b423008 \
    --hash=sha256:62f875393d7f270851f20523dd2e29f082bcc82292d66db2b64ea71f64b6e1c1 \
    --hash=sha256:633147d34cf4550417f12e2b1a0383973bdf5cdfde212cb09e9a581cf10820be \
    --hash=sha256:6b3ace8194b0e5204818c92802dcdca7fc6d88aabbb799d7c795540d9cd6d292 \
    --hash=sha256:8233f2947cf85404441fd7e0085f53b10c93e0ee78611099b5c7237e36aacbf7 \
    --hash=sha256:82cf5301172168103724d49a1444d3378cb20cdee30b116a1bd6031236298a5d \
    --hash=sha256:8d0820e8192167f80d88d64038e609c31452eeca865b4e1d9950a27a4609b00b \
    --hash=sha256:926c9541b14b12b1681dca8a0b75feb510b06c6341b70a8e500c2fdcff837cce \
    --hash=sha256:9401557acd873c3a7f3eb9383edef8ac4968f9510e340f4808d427e75667e7b4 \
    --hash=sha256:9551187363ffc0de2a00b2e47c25aeaeb1020b69b668762966df15fc5659dd5a \
    --hash=sha256:962ccbab7b642487b1d8b7df90ef677e03134cf1fd8880bf698649b22a69371f \
    --hash=sha256:9aa768456404a8bf48a4406685ac2bec8e72b62c69313734fa3b73cf33b3a894 \
    --hash=sha256:9d56801be94b86a9da183e5f3766e6310752b99ff647e38b09a9500d88e46e76 \
    --hash=sha256:9fa8ae11da9e2b3126c6426f147e0fba88d96d65921799bb30c6abd1cb2c97fb \
    --hash=sha256:ad785e92e6dc634c21555edc8bd6b64957ab844541bcb96a1366c202951ae526 \
    --hash=sha256:b2f69dec1725e79a012d920df1707de5caf7ed5e08f3be4435e25803efc47458 \
    --hash=sha256:c68fcd102d71ea85c5b2dfac3f4f8476eff42a9e078fd5faefff6d145063536b \
    --hash=sha256:c94f0688e7b8d0a67abf40e57a7eaaecd17cc9586706a31b76c031f63df052b4 \
    --hash=sha256:cbaf13819775b7f769bf4a1f066cb6df7a28d4480081a589828ef190226881cd \
    --hash=sha256:e739fee756ba1010f8bcccb534252e85a35fe45ae92c295a06059ce58b74ccd3 \
    --hash=sha256:e9c26f834c65f5752f3f06cb08cb86a913ceb7274d0db6e267808a708b46bc89 \
    --hash=sha256:f027324c56cd5406ca49c124b0db10e56c69064fec039acc571c29020cc87c76 \
    --hash=sha256:fbdb89b3e1c94a30cc5edfce477c6e6a5dc4d8f84665b455c27582f211a1c72c
    # via pydantic
pydantic-settings==2.14.2 \
    --hash=sha256:a20c97b37910b6550d5ea50fbcc2d4187defe58cd57070b73863d069419c9440 \
    --hash=sha256:c19dd64b19097f1de80184f0cc7b0272a13ae6e170cbf240a3e27e381ed14a5f
    # via mcp
pyjwt==2.13.0 \
    --hash=sha256:41571c89ca91598c79e8ef18a2d07367d4810fbbd6f637794879baf1b7703423 \
    --hash=sha256:66adcc2aff09b3f1bbd95fc1e1577df8ac8723c978552fd43304c8a290ac5728
    # via mcp
python-dotenv==1.2.2 \
    --hash=sha256:1d8214789a24de455a8b8bd8ae6fe3c6b69a5e3d64aa8a8e5d68e694bbcb285a \
    --hash=sha256:2c371a91fbd7ba082c2c1dc1f8bf89ca22564a087c2c287cd9b662adde799cf3
    # via pydantic-settings
python-multipart==0.0.32 \
    --hash=sha256:be54b7f3fa167bb83e4fcd936b887b708f4e57fe75911c02aebf53efaf8d938e \
    --hash=sha256:ff6d3f776f16878c894e52e107296ffc890e913c611b1a4ec6c44e2821fe2e23
    # via mcp
pywin32==312 ; sys_platform == 'win32' \
    --hash=sha256:59aba5d5940842075343a5ddc6b11f1cdf0d1567fe745290359dfbcc7c2eb831 \
    --hash=sha256:6017c58e12f6809fbb0555b75df144c2922a9ffd18e4b9b5afa863b6c1a9d950 \
    --hash=sha256:7a27df850933d16a8eabfbaeb73d52b273e2da667f80d70b01a89d1f6828d02c \
    --hash=sha256:b457f6d628a47e8a7346ce22acb7e1a46a4a78b52e1d17e1af56871bd19a93bc \
    --hash=sha256:c53e878d15a1c44788082bfe712a905433473aa38f86375b7cf8b45e3acbaaf9 \
    --hash=sha256:dab4f65ac9c4e48400a2a0530c46c3c579cd5905ecd11b80692373915269208b
    # via mcp
referencing==0.37.0 \
    --hash=sha256:381329a9f99628c9069361716891d34ad94af76e461dcb0335825aecc7692231 \
    --hash=sha256:44aefc3142c5b842538163acb373e24cce6632bd54bdb01b21ad5863489f50d8
    # via
    #   jsonschema
    #   jsonschema-specifications
rpds-py==2026.6.3 \
    --hash=sha256:127565fead0a10943b282957bd5447804ff3160ad79f2ad2635e6d249e380680 \
    --hash=sha256:1cebd1337c242e4ec2293e541f712b2da849b29f48f0c293684b71c0632625d4 \
    --hash=sha256:1cf01971c4f2c5553b772a542e4aaf191789cd331bc2cd4ff0e6e65ba49e1e97 \
    --hash=sha256:22bffe6042b9bcb0822bcd1955ec00e245daf17b4344e4ed8e9551b976b63e96 \
    --hash=sha256:270b293dae9058fc9fcedab50f13cebf46fb8ed1d1d54e0521a9da5d6b211975 \
    --hash=sha256:2c958bf94822e9290a40aaf2a822d4bc5c88099093e3948ad6c571eca9272e5f \
    --hash=sha256:2c99f7e8ccb3dd6e3e4bfeac657a7b208c9bac8075f4b078c02d7404c34107fa \
    --hash=sha256:3cfe765c1da0072636ca06628261e0ea05688e160d5c8a03e0217c3854037223 \
    --hash=sha256:425560c6fa0415f27261727bb20bd097568485e5eb0c121f1949417d1c516885 \
    --hash=sha256:4f4bca01b63096f606e095734dd56e74e175f94cfbf24ff3d63281cec61f7bb7 \
    --hash=sha256:501f9f04a588d6a09179368c57071301445191767c64e4b52a6aa9871f1ef5ed \
    --hash=sha256:538949e262e46caa31ac01bdb3c1e8f642622922cacbabbae6a8445d9dc33eaf \
    --hash=sha256:54f45a148e28767bf343d33a684693c70e451c6f4c0e9904709a723fafbdfc1f \
    --hash=sha256:55927d532399c2c646100ff7feb48eaa940ad70f42cd68e1328f3ded9f81ca24 \
    --hash=sha256:58eadac9cd119677b60e1cf8ac4052f35949d71b8a9e5556efccbe82533cf22a \
    --hash=sha256:62698275682bf121181861295c9181e789030a2d516071f5b8f3c23c170cd0fc \
    --hash=sha256:7491ee23305ac3eb59e492b6945881f5cd77a6f731061a3f25b77fd40f9e99a4 \
    --hash=sha256:8020133a74bd81b4572dd8e4be028a6b1ebcd70e6726edc3918008c08bee6ee6 \
    --hash=sha256:842e7b070435622248c7a2c44ae53fa1440e073cc3023bc919fed570884097a7 \
    --hash=sha256:8c3d1e9c15b9d51ca0391e13da1a25a0a4df3c58a37c9dc368e0736cf7f69df0 \
    --hash=sha256:900a67df3fd1660b035a4761c4ce73c382ea6b35f90f9863c36c6fd8bf8b09bb \
    --hash=sha256:9250a9a0a6fd4648b3f868da8d91a4c52b5811a62df58e753d50ae4454a36f80 \
    --hash=sha256:a0811d33247c3d6128a3001d763f2aa056bb3425204335400ac54f89eec3a0d0 \
    --hash=sha256:a214c993455f99a89aaeadc9b21241900037adc9d97203e374d75513c5911822 \
    --hash=sha256:a550fb4950a06dde3beb4721f5ad4b25bf4513784665b0a8522c792e2bd822a4 \
    --hash=sha256:acac386b453c2516111b50985d60ce46e7fadb5ea71ae7b25f4c946935bf27cf \
    --hash=sha256:ccffae9a092a00deb7efd545fe5e2c33c33b88e7c054337e9a74c179347d0b7d \
    --hash=sha256:cdc7e35386f3847df728fbcb5e887e2d79c19e2fa1eba9e51b6621d23e3243af \
    --hash=sha256:ecabd69db66de867690f9797f2f8fa27ba501bbc24540cbdbdc649cd15888ba6 \
    --hash=sha256:f4d78253f6996be4901669ad25319f842f740eccf4d58e3c7f3dd39e6dde1d8f \
    --hash=sha256:f56f1695bc5c0871cbc33dc0130fcf503aab0c57dcc5a6700a4f49eba4f2652e
    # via
    #   jsonschema
    #   referencing
sse-starlette==3.4.5 \
    --hash=sha256:83072538bc211a2f68b7b0422226c4af3e9b62e106e07034664b832ca019842a \
    --hash=sha256:e71bad53323f65573c3864a6c3bd0c1eb6e5f092b2e48082b0c35927d19ca296
    # via mcp
starlette==1.3.1 \
    --hash=sha256:05d0213193f2fbaae60e2ecb593b4add4262ad4e46536b54abe36f11a71724e0 \
    --hash=sha256:c7372aae11c3c3f26a42df7bd626cec2f47d03483d261d369516a615a53714c6
    # via
    #   mad-mcp-discord
    #   mcp
    #   sse-starlette
typing-extensions==4.16.0 \
    --hash=sha256:481caa481374e813c1b176ada14e97f1f67a4539ce9cfeb3f350d78d6370c2e8 \
    --hash=sha256:dc983d19a509c94dba722ee6abd33940f7c05a89e243c47e907eb4db6f1a43e5
    # via
    #   aiohttp
    #   aiosignal
    #   anyio
    #   mcp
    #   pydantic
    #   pydantic-core
    #   referencing
    #   starlette
    #   typing-inspection
typing-inspection==0.4.2 \
    --hash=sha256:4ed1cacbdc298c220f1bd249ed5287caa16f34d44ef4e9c3d0cbad5b521545e7 \
    --hash=sha256:ba561c48a67c5958007083d386c3295464928b01faa735ab8547c5692e87f464
    # via
    #   mcp
    #   pydantic
    #   pydantic-settings
tzdata==2026.3 \
    --hash=sha256:4a1518b8993086a7982523e071643f3c0e5f213e75b21318e78bcabfff9d1415 \
    --hash=sha256:dc096730c87af6cab1b171c9d532be840741ff5d459015e7f6947bd7d7e54931
    # via mad-mcp-discord
uvicorn==0.51.0 \
    --hash=sha256:5d38af6cd620f2ae3849fb44fd4879e0890aa1febe8d47eb355fb45d93fe6a5b \
    --hash=sha256:f6f4b69b657c312f516dd2d268ab9ae6f254b11e4bac504f37b2ab58b24dd0b0
    # via
    #   mad-mcp-discord
    #   mcp
yarl==1.24.2 \
    --hash=sha256:044a09d8401fcf8681977faef6d286b8ade1e2d2e9dceda175d1cfa5ca496f30 \
    --hash=sha256:1e831894be7c2954240e49791fa4b50c05a0dc881de2552cfe3ffd8631c7f461 \
    --hash=sha256:204e7a61ce99919c0de1bf904ab5d7aa188a129ea8f690a8f76cfb6e2844dc44 \
    --hash=sha256:2783d9226db8797636cd6896e4de81feed252d1db72265686c9558d97a4d94b9 \
    --hash=sha256:3065657c80a2321225e804048597ad55658a7e76b32d6f5ee4074d04c50401db \
    --hash=sha256:33a29b5d00ccbf3219bb3e351d7875739c19481e030779f48cc46a7a71681a9b \
    --hash=sha256:374423f70754a2c96942ede36a29d37dc6b0cb8f92f8d009ddf3ed78d3da5488 \
    --hash=sha256:3b075301a2836a0e297b1b658cb6d6135df535d62efefdd60366bd589c2c82f2 \
    --hash=sha256:47a55d6cf6db2f401017a9e96e5288844e5051911fb4e0c8311a3980f5e59a7d \
    --hash=sha256:491ac9141decf49ee8030199e1ee251cdff0e131f25678817ff6aa5f837a3536 \
    --hash=sha256:4b156914620f0b9d78dc1adb3751141daee561cfec796088abb89ed49d220f1a \
    --hash=sha256:507cc19f0b45454e2d6dcd62ff7d062b9f77a2812404e62dbdaec05b50faa035 \
    --hash=sha256:5ec8356b8a6afcf81fc7aeeef13b1ff7a49dec00f313394bbb9e83830d32ccd7 \
    --hash=sha256:7d37fb7c38f2b6edab0f845c4f85148d4c44204f52bc127021bd2bc9fdbf1656 \
    --hash=sha256:7dafe10c12ddd4d120d528c4b5599c953bd7b12845347d507b95451195bb6cad \
    --hash=sha256:7e7ebcdef69dec6c6451e616f32b622a6d4a2e92b445c992f7c8e5274a6bbc4c \
    --hash=sha256:810e19b685c8c3c5862f6a38160a1f4e4c0916c9390024ec347b6157a45a0992 \
    --hash=sha256:8372a2b976cf70654b2be6619ab6068acabb35f724c0fda7b277fbf53d66a5cf \
    --hash=sha256:863297ddede92ee49024e9a9b11ecb59f310ca85b60d8537f56bed9bbb5b1986 \
    --hash=sha256:8ae44649b00947634ab0dab2a374a638f52923a6e67083f2c156cd5cbd1a881d \
    --hash=sha256:91e72cf093fd833483a97ee648e0c053c7c629f51ff4a0e7edd84f806b0c5617 \
    --hash=sha256:990de4f680b1c217e77ff0d6aa0029f9eb79889c11fb3e9a3942c7eba29c1996 \
    --hash=sha256:9ac374123c6fd7abf64d1fec93962b0bd4ee2c19751755a762a72dd96c0378f8 \
    --hash=sha256:a9532c57211730c515341af11fef6e9b61d157487272a096d0c04da445642592 \
    --hash=sha256:abb8ec0323b80161e3802da3150ef660b41d0e9be2048b76a363d93eee992c2b \
    --hash=sha256:b3177bc0a768ef3bacceb4f272632990b7bea352f1b2f1eee9d6d6ff16516f92 \
    --hash=sha256:b975866c184564c827e0877380f0dae57dcca7e52782128381b72feff6dfceb8 \
    --hash=sha256:c4c17bad5a530912d2111825d3f05e89bab2dd376aaa8cbc77e449e6db63e576 \
    --hash=sha256:cb84b80d88e19ede158619b80813968713d8d008b0e2497a576e6a0557d50712 \
    --hash=sha256:cdfcce633b4a4bb8281913c57fcafd4b5933fbc19111a5e3930bbd299d6102f1 \
    --hash=sha256:e196952aacaf3b232e265ff02980b64d483dc0972bd49bcb061171ff22ac203a \
    --hash=sha256:e30dd55825dc554ec5b66a94953b8eda8745926514c5089dfcacecb9c99b5bd1 \
    --hash=sha256:e7977781f83638a4c73e0f88425563d70173e0dfd90ac006a45c65036293ee3c \
    --hash=sha256:e89418f65eda18f99030386305bd44d7d504e328a7945db1ead514fbe03a0607 \
    --hash=sha256:f5f0cbb112838a4a293985b6ed73948a547dadcc1ba6d2089938e7abdedceef8 \
    --hash=sha256:f9a1e9b622ca284143aab5d885848686dcd85453bb1ca9abcdb7503e64dc0056
    # via aiohttp
